
Microsoft Visual Studio Solution File, Format Version 12.00
# Visual Studio Version 17
VisualStudioVersion = 17.4.33403.182
MinimumVisualStudioVersion = 10.0.40219.1
Project("{FAE04EC0-301F-11D3-BF4B-00C04F79EFBC}") = "SinFTE", "SinFTE\SinFTE.csproj", "{A014B3D5-E81F-4600-8FD5-5507F3B034B3}"
EndProject
Global
	GlobalSection(SolutionConfigurationPlatforms) = preSolution
		Debug|Any CPU = Debug|Any CPU
		Release|Any CPU = Release|Any CPU
	EndGlobalSection
	GlobalSection(ProjectConfigurationPlatforms) = postSolution
		{A014B3D5-E81F-4600-8FD5-5507F3B034B3}.Debug|Any CPU.ActiveCfg = Debug|Any CPU
		{A014B3D5-E81F-4600-8FD5-5507F3B034B3}.Debug|Any CPU.Build.0 = Debug|Any CPU
		{A014B3D5-E81F-4600-8FD5-5507F3B034B3}.Release|Any CPU.ActiveCfg = Release|Any CPU
		{A014B3D5-E81F-4600-8FD5-5507F3B034B3}.Release|Any CPU.Build.0 = Release|Any CPU
	EndGlobalSection
	GlobalSection(SolutionProperties) = preSolution
		HideSolutionNode = FALSE
	EndGlobalSection
	GlobalSection(ExtensibilityGlobals) = postSolution
		SolutionGuid = {F0FB09E0-C393-42D7-B72E-059D36E3034E}
	EndGlobalSection
EndGlobal
